{
  "version": "5",
  "specifiers": {
    "jsr:@std/assert@1": "1.0.16",
    "jsr:@std/fs@^1.0.20": "1.0.20",
    "jsr:@std/internal@^1.0.12": "1.0.12",
    "jsr:@std/path@^1.1.3": "1.1.3",
    "npm:discord.js@*": "14.25.1",
    "npm:discord.js@^14.25.1": "14.25.1"
  },
  "jsr": {
    "@std/assert@1.0.16": {
      "integrity": "6a7272ed1eaa77defe76e5ff63ca705d9c495077e2d5fd0126d2b53fc5bd6532",
      "dependencies": [
        "jsr:@std/internal"
      ]
    },
    "@std/fs@1.0.20": {
      "integrity": "e953206aae48d46ee65e8783ded459f23bec7dd1f3879512911c35e5484ea187",
      "dependencies": [
        "jsr:@std/internal",
        "jsr:@std/path"
      ]
    },
    "@std/internal@1.0.12": {
      "integrity": "972a634fd5bc34b242024402972cd5143eac68d8dffaca5eaa4dba30ce17b027"
    },
    "@std/path@1.1.3": {
      "integrity": "b015962d82a5e6daea980c32b82d2c40142149639968549c649031a230b1afb3",
      "dependencies": [
        "jsr:@std/internal"
      ]
    }
  },
  "npm": {
    "@discordjs/builders@1.13.1": {
      "integrity": "sha512-cOU0UDHc3lp/5nKByDxkmRiNZBpdp0kx55aarbiAfakfKJHlxv/yFW1zmIqCAmwH5CRlrH9iMFKJMpvW4DPB+w==",
      "dependencies": [
        "@discordjs/formatters",
        "@discordjs/util",
        "@sapphire/shapeshift",
        "discord-api-types",
        "fast-deep-equal",
        "ts-mixer",
        "tslib"
      ]
    },
    "@discordjs/collection@1.5.3": {
      "integrity": "sha512-SVb428OMd3WO1paV3rm6tSjM4wC+Kecaa1EUGX7vc6/fddvw/6lg90z4QtCqm21zvVe92vMMDt9+DkIvjXImQQ=="
    },
    "@discordjs/collection@2.1.1": {
      "integrity": "sha512-LiSusze9Tc7qF03sLCujF5iZp7K+vRNEDBZ86FT9aQAv3vxMLihUvKvpsCWiQ2DJq1tVckopKm1rxomgNUc9hg=="
    },
    "@discordjs/formatters@0.6.2": {
      "integrity": "sha512-y4UPwWhH6vChKRkGdMB4odasUbHOUwy7KL+OVwF86PvT6QVOwElx+TiI1/6kcmcEe+g5YRXJFiXSXUdabqZOvQ==",
      "dependencies": [
        "discord-api-types"
      ]
    },
    "@discordjs/rest@2.6.0": {
      "integrity": "sha512-RDYrhmpB7mTvmCKcpj+pc5k7POKszS4E2O9TYc+U+Y4iaCP+r910QdO43qmpOja8LRr1RJ0b3U+CqVsnPqzf4w==",
      "dependencies": [
        "@discordjs/collection@2.1.1",
        "@discordjs/util",
        "@sapphire/async-queue",
        "@sapphire/snowflake",
        "@vladfrangu/async_event_emitter",
        "discord-api-types",
        "magic-bytes.js",
        "tslib",
        "undici"
      ]
    },
    "@discordjs/util@1.2.0": {
      "integrity": "sha512-3LKP7F2+atl9vJFhaBjn4nOaSWahZ/yWjOvA4e5pnXkt2qyXRCHLxoBQy81GFtLGCq7K9lPm9R517M1U+/90Qg==",
      "dependencies": [
        "discord-api-types"
      ]
    },
    "@discordjs/ws@1.2.3": {
      "integrity": "sha512-wPlQDxEmlDg5IxhJPuxXr3Vy9AjYq5xCvFWGJyD7w7Np8ZGu+Mc+97LCoEc/+AYCo2IDpKioiH0/c/mj5ZR9Uw==",
      "dependencies": [
        "@discordjs/collection@2.1.1",
        "@discordjs/rest",
        "@discordjs/util",
        "@sapphire/async-queue",
        "@types/ws",
        "@vladfrangu/async_event_emitter",
        "discord-api-types",
        "tslib",
        "ws"
      ]
    },
    "@sapphire/async-queue@1.5.5": {
      "integrity": "sha512-cvGzxbba6sav2zZkH8GPf2oGk9yYoD5qrNWdu9fRehifgnFZJMV+nuy2nON2roRO4yQQ+v7MK/Pktl/HgfsUXg=="
    },
    "@sapphire/shapeshift@4.0.0": {
      "integrity": "sha512-d9dUmWVA7MMiKobL3VpLF8P2aeanRTu6ypG2OIaEv/ZHH/SUQ2iHOVyi5wAPjQ+HmnMuL0whK9ez8I/raWbtIg==",
      "dependencies": [
        "fast-deep-equal",
        "lodash"
      ]
    },
    "@sapphire/snowflake@3.5.3": {
      "integrity": "sha512-jjmJywLAFoWeBi1W7994zZyiNWPIiqRRNAmSERxyg93xRGzNYvGjlZ0gR6x0F4gPRi2+0O6S71kOZYyr3cxaIQ=="
    },
    "@types/node@24.2.0": {
      "integrity": "sha512-3xyG3pMCq3oYCNg7/ZP+E1ooTaGB4cG8JWRsqqOYQdbWNY4zbaV0Ennrd7stjiJEFZCaybcIgpTjJWHRfBSIDw==",
      "dependencies": [
        "undici-types"
      ]
    },
    "@types/ws@8.18.1": {
      "integrity": "sha512-ThVF6DCVhA8kUGy+aazFQ4kXQ7E1Ty7A3ypFOe0IcJV8O/M511G99AW24irKrW56Wt44yG9+ij8FaqoBGkuBXg==",
      "dependencies": [
        "@types/node"
      ]
    },
    "@vladfrangu/async_event_emitter@2.4.7": {
      "integrity": "sha512-Xfe6rpCTxSxfbswi/W/Pz7zp1WWSNn4A0eW4mLkQUewCrXXtMj31lCg+iQyTkh/CkusZSq9eDflu7tjEDXUY6g=="
    },
    "discord-api-types@0.38.37": {
      "integrity": "sha512-Cv47jzY1jkGkh5sv0bfHYqGgKOWO1peOrGMkDFM4UmaGMOTgOW8QSexhvixa9sVOiz8MnVOBryWYyw/CEVhj7w=="
    },
    "discord.js@14.25.1": {
      "integrity": "sha512-2l0gsPOLPs5t6GFZfQZKnL1OJNYFcuC/ETWsW4VtKVD/tg4ICa9x+jb9bkPffkMdRpRpuUaO/fKkHCBeiCKh8g==",
      "dependencies": [
        "@discordjs/builders",
        "@discordjs/collection@1.5.3",
        "@discordjs/formatters",
        "@discordjs/rest",
        "@discordjs/util",
        "@discordjs/ws",
        "@sapphire/snowflake",
        "discord-api-types",
        "fast-deep-equal",
        "lodash.snakecase",
        "magic-bytes.js",
        "tslib",
        "undici"
      ]
    },
    "fast-deep-equal@3.1.3": {
      "integrity": "sha512-f3qQ9oQy9j2AhBe/H9VC91wLmKBCCU/gDOnKNAYG5hswO7BLKj09Hc5HYNz9cGI++xlpDCIgDaitVs03ATR84Q=="
    },
    "lodash.snakecase@4.1.1": {
      "integrity": "sha512-QZ1d4xoBHYUeuouhEq3lk3Uq7ldgyFXGBhg04+oRLnIz8o9T65Eh+8YdroUwn846zchkA9yDsDl5CVVaV2nqYw=="
    },
    "lodash@4.17.21": {
      "integrity": "sha512-v2kDEe57lecTulaDIuNTPy3Ry4gLGJ6Z1O3vE1krgXZNrsQ+LFTGHVxVjcXPs17LhbZVGedAJv8XZ1tvj5FvSg=="
    },
    "magic-bytes.js@1.12.1": {
      "integrity": "sha512-ThQLOhN86ZkJ7qemtVRGYM+gRgR8GEXNli9H/PMvpnZsE44Xfh3wx9kGJaldg314v85m+bFW6WBMaVHJc/c3zA=="
    },
    "ts-mixer@6.0.4": {
      "integrity": "sha512-ufKpbmrugz5Aou4wcr5Wc1UUFWOLhq+Fm6qa6P0w0K5Qw2yhaUoiWszhCVuNQyNwrlGiscHOmqYoAox1PtvgjA=="
    },
    "tslib@2.8.1": {
      "integrity": "sha512-oJFu94HQb+KVduSUQL7wnpmqnfmLsOA/nAh6b6EH0wCEoK0/mPeXU6c3wKDV83MkOuHPRHtSXKKU99IBazS/2w=="
    },
    "undici-types@7.10.0": {
      "integrity": "sha512-t5Fy/nfn+14LuOc2KNYg75vZqClpAiqscVvMygNnlsHBFpSXdJaYtXMcdNLpl/Qvc3P2cB3s6lOV51nqsFq4ag=="
    },
    "undici@6.21.3": {
      "integrity": "sha512-gBLkYIlEnSp8pFbT64yFgGE6UIB9tAkhukC23PmMDCe5Nd+cRqKxSjw5y54MK2AZMgZfJWMaNE4nYUHgi1XEOw=="
    },
    "ws@8.18.3": {
      "integrity": "sha512-PEIGCY5tSlUt50cqyMXfCzX+oOPqN0vuGqWzbcJ2xvnkzkq46oOpz7dQaTDBdfICb4N14+GARUDw2XV2N4tvzg=="
    }
  },
  "remote": {
    "https://deno.land/std@0.203.0/assert/assert.ts": "9a97dad6d98c238938e7540736b826440ad8c1c1e54430ca4c4e623e585607ee",
    "https://deno.land/std@0.203.0/assert/assertion_error.ts": "4d0bde9b374dfbcbe8ac23f54f567b77024fb67dbb1906a852d67fe050d42f56",
    "https://deno.land/std@0.203.0/fs/_util.ts": "fbf57dcdc9f7bc8128d60301eece608246971a7836a3bb1e78da75314f08b978",
    "https://deno.land/std@0.203.0/fs/copy.ts": "23cc1c465babe5ca4d69778821e2f8addc44593e30a5ca0b902b3784eed75bb6",
    "https://deno.land/std@0.203.0/fs/empty_dir.ts": "2e52cd4674d18e2e007175c80449fc3d263786a1361e858d9dfa9360a6581b47",
    "https://deno.land/std@0.203.0/fs/ensure_dir.ts": "dc64c4c75c64721d4e3fb681f1382f803ff3d2868f08563ff923fdd20d071c40",
    "https://deno.land/std@0.203.0/fs/ensure_file.ts": "39ac83cc283a20ec2735e956adf5de3e8a3334e0b6820547b5772f71c49ae083",
    "https://deno.land/std@0.203.0/fs/ensure_link.ts": "c15e69c48556d78aae31b83e0c0ece04b7b8bc0951412f5b759aceb6fde7f0ac",
    "https://deno.land/std@0.203.0/fs/ensure_symlink.ts": "b389c8568f0656d145ac7ece472afe710815cccbb2ebfd19da7978379ae143fe",
    "https://deno.land/std@0.203.0/fs/eol.ts": "f1f2eb348a750c34500741987b21d65607f352cf7205f48f4319d417fff42842",
    "https://deno.land/std@0.203.0/fs/exists.ts": "cb59a853d84871d87acab0e7936a4dac11282957f8e195102c5a7acb42546bb8",
    "https://deno.land/std@0.203.0/fs/expand_glob.ts": "52b8b6f5b1fa585c348250da1c80ce5d820746cb4a75d874b3599646f677d3a7",
    "https://deno.land/std@0.203.0/fs/mod.ts": "bc3d0acd488cc7b42627044caf47d72019846d459279544e1934418955ba4898",
    "https://deno.land/std@0.203.0/fs/move.ts": "b4f8f46730b40c32ea3c0bc8eb0fd0e8139249a698883c7b3756424cf19785c9",
    "https://deno.land/std@0.203.0/fs/walk.ts": "a16146724a6aaf9efdb92023a74e9805195c3469900744ce5de4113b07b29779",
    "https://deno.land/std@0.203.0/path/_basename.ts": "057d420c9049821f983f784fd87fa73ac471901fb628920b67972b0f44319343",
    "https://deno.land/std@0.203.0/path/_constants.ts": "e49961f6f4f48039c0dfed3c3f93e963ca3d92791c9d478ac5b43183413136e0",
    "https://deno.land/std@0.203.0/path/_dirname.ts": "355e297236b2218600aee7a5301b937204c62e12da9db4b0b044993d9e658395",
    "https://deno.land/std@0.203.0/path/_extname.ts": "eaaa5aae1acf1f03254d681bd6a8ce42a9cb5b7ff2213a9d4740e8ab31283664",
    "https://deno.land/std@0.203.0/path/_format.ts": "4a99270d6810f082e614309164fad75d6f1a483b68eed97c830a506cc589f8b4",
    "https://deno.land/std@0.203.0/path/_from_file_url.ts": "6eadfae2e6f63ad9ee46b26db4a1b16583055c0392acedfb50ed2fc694b6f581",
    "https://deno.land/std@0.203.0/path/_interface.ts": "6471159dfbbc357e03882c2266d21ef9afdb1e4aa771b0545e90db58a0ba314b",
    "https://deno.land/std@0.203.0/path/_is_absolute.ts": "05dac10b5e93c63198b92e3687baa2be178df5321c527dc555266c0f4f51558c",
    "https://deno.land/std@0.203.0/path/_join.ts": "815f5e85b042285175b1492dd5781240ce126c23bd97bad6b8211fe7129c538e",
    "https://deno.land/std@0.203.0/path/_normalize.ts": "a19ec8706b2707f9dd974662a5cd89fad438e62ab1857e08b314a8eb49a34d81",
    "https://deno.land/std@0.203.0/path/_os.ts": "30b0c2875f360c9296dbe6b7f2d528f0f9c741cecad2e97f803f5219e91b40a2",
    "https://deno.land/std@0.203.0/path/_parse.ts": "0f9b0ff43682dd9964eb1c4398610c4e165d8db9d3ac9d594220217adf480cfa",
    "https://deno.land/std@0.203.0/path/_relative.ts": "27bdeffb5311a47d85be26d37ad1969979359f7636c5cd9fcf05dcd0d5099dc5",
    "https://deno.land/std@0.203.0/path/_resolve.ts": "7a3616f1093735ed327e758313b79c3c04ea921808ca5f19ddf240cb68d0adf6",
    "https://deno.land/std@0.203.0/path/_to_file_url.ts": "a141e4a525303e1a3a0c0571fd024552b5f3553a2af7d75d1ff3a503dcbb66d8",
    "https://deno.land/std@0.203.0/path/_to_namespaced_path.ts": "0d5f4caa2ed98ef7a8786286df6af804b50e38859ae897b5b5b4c8c5930a75c8",
    "https://deno.land/std@0.203.0/path/_util.ts": "4e191b1bac6b3bf0c31aab42e5ca2e01a86ab5a0d2e08b75acf8585047a86221",
    "https://deno.land/std@0.203.0/path/basename.ts": "bdfa5a624c6a45564dc6758ef2077f2822978a6dbe77b0a3514f7d1f81362930",
    "https://deno.land/std@0.203.0/path/common.ts": "ee7505ab01fd22de3963b64e46cff31f40de34f9f8de1fff6a1bd2fe79380000",
    "https://deno.land/std@0.203.0/path/dirname.ts": "b6533f4ee4174a526dec50c279534df5345836dfdc15318400b08c62a62a39dd",
    "https://deno.land/std@0.203.0/path/extname.ts": "62c4b376300795342fe1e4746c0de518b4dc9c4b0b4617bfee62a2973a9555cf",
    "https://deno.land/std@0.203.0/path/format.ts": "110270b238514dd68455a4c54956215a1aff7e37e22e4427b7771cefe1920aa5",
    "https://deno.land/std@0.203.0/path/from_file_url.ts": "9f5cb58d58be14c775ec2e57fc70029ac8b17ed3bd7fe93e475b07280adde0ac",
    "https://deno.land/std@0.203.0/path/glob.ts": "593e2c3573883225c25c5a21aaa8e9382a696b8e175ea20a3b6a1471ad17aaed",
    "https://deno.land/std@0.203.0/path/is_absolute.ts": "0b92eb35a0a8780e9f16f16bb23655b67dace6a8e0d92d42039e518ee38103c1",
    "https://deno.land/std@0.203.0/path/join.ts": "31c5419f23d91655b08ec7aec403f4e4cd1a63d39e28f6e42642ea207c2734f8",
    "https://deno.land/std@0.203.0/path/mod.ts": "6e1efb0b13121463aedb53ea51dabf5639a3172ab58c89900bbb72b486872532",
    "https://deno.land/std@0.203.0/path/normalize.ts": "6ea523e0040979dd7ae2f1be5bf2083941881a252554c0f32566a18b03021955",
    "https://deno.land/std@0.203.0/path/parse.ts": "be8de342bb9e1924d78dc4d93c45215c152db7bf738ec32475560424b119b394",
    "https://deno.land/std@0.203.0/path/posix.ts": "0a1c1952d132323a88736d03e92bd236f3ed5f9f079e5823fae07c8d978ee61b",
    "https://deno.land/std@0.203.0/path/relative.ts": "8bedac226afd360afc45d451a6c29fabceaf32978526bcb38e0c852661f66c61",
    "https://deno.land/std@0.203.0/path/resolve.ts": "133161e4949fc97f9ca67988d51376b0f5eef8968a6372325ab84d39d30b80dc",
    "https://deno.land/std@0.203.0/path/separator.ts": "40a3e9a4ad10bef23bc2cd6c610291b6c502a06237c2c4cd034a15ca78dedc1f",
    "https://deno.land/std@0.203.0/path/to_file_url.ts": "00e6322373dd51ad109956b775e4e72e5f9fa68ce2c6b04e4af2a6eed3825d31",
    "https://deno.land/std@0.203.0/path/to_namespaced_path.ts": "1b1db3055c343ab389901adfbda34e82b7386bcd1c744d54f9c1496ee0fd0c3d",
    "https://deno.land/std@0.203.0/path/win32.ts": "8b3f80ef7a462511d5e8020ff490edcaa0a0d118f1b1e9da50e2916bdd73f9dd"
  },
  "workspace": {
    "dependencies": [
      "jsr:@std/assert@1",
      "jsr:@std/fs@^1.0.20",
      "npm:discord.js@^14.25.1"
    ]
  }
}
